
Microsoft Visual Studio Solution File, Format Version 12.00
# Visual Studio Version 17
VisualStudioVersion = 17.5.33516.290
MinimumVisualStudioVersion = 10.0.40219.1
Project("{FAE04EC0-301F-11D3-BF4B-00C04F79EFBC}") = "CpMinerva", "CpMinerva\CpMinerva.csproj", "{6A3091F6-D5D7-4227-9F5F-B010228B1FB5}"
EndProject
Project("{FAE04EC0-301F-11D3-BF4B-00C04F79EFBC}") = "CadMinerva", "CadMinerva\CadMinerva.csproj", "{ACA1062C-AB1D-4A34-A31D-8C99D42DFAD7}"
EndProject
Project("{FAE04EC0-301F-11D3-BF4B-00C04F79EFBC}") = "ClnMinerva", "ClnMinerva\ClnMinerva.csproj", "{24504566-EF8F-4CAF-95F7-B6762859CB53}"
EndProject
Global
	GlobalSection(SolutionConfigurationPlatforms) = preSolution
		Debug|Any CPU = Debug|Any CPU
		Release|Any CPU = Release|Any CPU
	EndGlobalSection
	GlobalSection(ProjectConfigurationPlatforms) = postSolution
		{6A3091F6-D5D7-4227-9F5F-B010228B1FB5}.Debug|Any CPU.ActiveCfg = Debug|Any CPU
		{6A3091F6-D5D7-4227-9F5F-B010228B1FB5}.Debug|Any CPU.Build.0 = Debug|Any CPU
		{6A3091F6-D5D7-4227-9F5F-B010228B1FB5}.Release|Any CPU.ActiveCfg = Release|Any CPU
		{6A3091F6-D5D7-4227-9F5F-B010228B1FB5}.Release|Any CPU.Build.0 = Release|Any CPU
		{ACA1062C-AB1D-4A34-A31D-8C99D42DFAD7}.Debug|Any CPU.ActiveCfg = Debug|Any CPU
		{ACA1062C-AB1D-4A34-A31D-8C99D42DFAD7}.Debug|Any CPU.Build.0 = Debug|Any CPU
		{ACA1062C-AB1D-4A34-A31D-8C99D42DFAD7}.Release|Any CPU.ActiveCfg = Release|Any CPU
		{ACA1062C-AB1D-4A34-A31D-8C99D42DFAD7}.Release|Any CPU.Build.0 = Release|Any CPU
		{24504566-EF8F-4CAF-95F7-B6762859CB53}.Debug|Any CPU.ActiveCfg = Debug|Any CPU
		{24504566-EF8F-4CAF-95F7-B6762859CB53}.Debug|Any CPU.Build.0 = Debug|Any CPU
		{24504566-EF8F-4CAF-95F7-B6762859CB53}.Release|Any CPU.ActiveCfg = Release|Any CPU
		{24504566-EF8F-4CAF-95F7-B6762859CB53}.Release|Any CPU.Build.0 = Release|Any CPU
	EndGlobalSection
	GlobalSection(SolutionProperties) = preSolution
		HideSolutionNode = FALSE
	EndGlobalSection
	GlobalSection(ExtensibilityGlobals) = postSolution
		SolutionGuid = {61C2B860-B5BE-4578-8886-E7332D373067}
	EndGlobalSection
EndGlobal
